
Microsoft Visual Studio Solution File, Format Version 12.00
# Visual Studio 15
VisualStudioVersion = 15.0.27428.2015
MinimumVisualStudioVersion = 10.0.40219.1
Project("{FAE04EC0-301F-11D3-BF4B-00C04F79EFBC}") = "01. Baking Masterclass", "01. Baking Masterclass\01. Baking Masterclass.csproj", "{4CC0B843-8D20-462B-85C7-780CC6748BD3}"
EndProject
Project("{FAE04EC0-301F-11D3-BF4B-00C04F79EFBC}") = "02. Baking Rush", "02. Baking Rush\02. Baking Rush.csproj", "{86F8FAE2-9829-4F3D-A94A-0A44203E51FF}"
EndProject
Project("{FAE04EC0-301F-11D3-BF4B-00C04F79EFBC}") = "03. Baking Factory", "03. Baking Factory\03. Baking Factory.csproj", "{C807D2DF-6E3F-441A-A2C3-E82C808930D7}"
EndProject
Global
	GlobalSection(SolutionConfigurationPlatforms) = preSolution
		Debug|Any CPU = Debug|Any CPU
		Release|Any CPU = Release|Any CPU
	EndGlobalSection
	GlobalSection(ProjectConfigurationPlatforms) = postSolution
		{4CC0B843-8D20-462B-85C7-780CC6748BD3}.Debug|Any CPU.ActiveCfg = Debug|Any CPU
		{4CC0B843-8D20-462B-85C7-780CC6748BD3}.Debug|Any CPU.Build.0 = Debug|Any CPU
		{4CC0B843-8D20-462B-85C7-780CC6748BD3}.Release|Any CPU.ActiveCfg = Release|Any CPU
		{4CC0B843-8D20-462B-85C7-780CC6748BD3}.Release|Any CPU.Build.0 = Release|Any CPU
		{86F8FAE2-9829-4F3D-A94A-0A44203E51FF}.Debug|Any CPU.ActiveCfg = Debug|Any CPU
		{86F8FAE2-9829-4F3D-A94A-0A44203E51FF}.Debug|Any CPU.Build.0 = Debug|Any CPU
		{86F8FAE2-9829-4F3D-A94A-0A44203E51FF}.Release|Any CPU.ActiveCfg = Release|Any CPU
		{86F8FAE2-9829-4F3D-A94A-0A44203E51FF}.Release|Any CPU.Build.0 = Release|Any CPU
		{C807D2DF-6E3F-441A-A2C3-E82C808930D7}.Debug|Any CPU.ActiveCfg = Debug|Any CPU
		{C807D2DF-6E3F-441A-A2C3-E82C808930D7}.Debug|Any CPU.Build.0 = Debug|Any CPU
		{C807D2DF-6E3F-441A-A2C3-E82C808930D7}.Release|Any CPU.ActiveCfg = Release|Any CPU
		{C807D2DF-6E3F-441A-A2C3-E82C808930D7}.Release|Any CPU.Build.0 = Release|Any CPU
	EndGlobalSection
	GlobalSection(SolutionProperties) = preSolution
		HideSolutionNode = FALSE
	EndGlobalSection
	GlobalSection(ExtensibilityGlobals) = postSolution
		SolutionGuid = {EF525068-391E-4D62-A3EE-2FBA01B409F2}
	EndGlobalSection
EndGlobal
