
Microsoft Visual Studio Solution File, Format Version 12.00
# Visual Studio 15
VisualStudioVersion = 15.0.28307.106
MinimumVisualStudioVersion = 10.0.40219.1
Project("{9A19103F-16F7-4668-BE54-9A1E7A4F7556}") = "03. Anonymous Vox", "03. Anonymous Vox\03. Anonymous Vox.csproj", "{BE61AE22-ACD4-485A-8154-DC309A8F82A5}"
EndProject
Project("{FAE04EC0-301F-11D3-BF4B-00C04F79EFBC}") = "04. Anonymous Cache", "04. Anonymous Cache\04. Anonymous Cache.csproj", "{35411562-2E63-4CB0-9484-D19D3B63A3C8}"
EndProject
Global
	GlobalSection(SolutionConfigurationPlatforms) = preSolution
		Debug|Any CPU = Debug|Any CPU
		Release|Any CPU = Release|Any CPU
	EndGlobalSection
	GlobalSection(ProjectConfigurationPlatforms) = postSolution
		{BE61AE22-ACD4-485A-8154-DC309A8F82A5}.Debug|Any CPU.ActiveCfg = Debug|Any CPU
		{BE61AE22-ACD4-485A-8154-DC309A8F82A5}.Debug|Any CPU.Build.0 = Debug|Any CPU
		{BE61AE22-ACD4-485A-8154-DC309A8F82A5}.Release|Any CPU.ActiveCfg = Release|Any CPU
		{BE61AE22-ACD4-485A-8154-DC309A8F82A5}.Release|Any CPU.Build.0 = Release|Any CPU
		{35411562-2E63-4CB0-9484-D19D3B63A3C8}.Debug|Any CPU.ActiveCfg = Debug|Any CPU
		{35411562-2E63-4CB0-9484-D19D3B63A3C8}.Debug|Any CPU.Build.0 = Debug|Any CPU
		{35411562-2E63-4CB0-9484-D19D3B63A3C8}.Release|Any CPU.ActiveCfg = Release|Any CPU
		{35411562-2E63-4CB0-9484-D19D3B63A3C8}.Release|Any CPU.Build.0 = Release|Any CPU
	EndGlobalSection
	GlobalSection(SolutionProperties) = preSolution
		HideSolutionNode = FALSE
	EndGlobalSection
	GlobalSection(ExtensibilityGlobals) = postSolution
		SolutionGuid = {C1605D0C-F151-4C3F-86E9-AFF888334D5A}
	EndGlobalSection
EndGlobal
