
Microsoft Visual Studio Solution File, Format Version 12.00
# Visual Studio 15
VisualStudioVersion = 15.0.28307.106
MinimumVisualStudioVersion = 10.0.40219.1
Project("{FAE04EC0-301F-11D3-BF4B-00C04F79EFBC}") = "01. Concert", "01. Concert\01. Concert.csproj", "{48A68B2C-7ABD-49EA-A36C-27DA4FD20AAB}"
EndProject
Project("{FAE04EC0-301F-11D3-BF4B-00C04F79EFBC}") = "02. Song Encryption", "02. Song Encryption\02. Song Encryption.csproj", "{BB49CB68-F831-44D7-B1BE-D303FF5A482E}"
EndProject
Global
	GlobalSection(SolutionConfigurationPlatforms) = preSolution
		Debug|Any CPU = Debug|Any CPU
		Release|Any CPU = Release|Any CPU
	EndGlobalSection
	GlobalSection(ProjectConfigurationPlatforms) = postSolution
		{48A68B2C-7ABD-49EA-A36C-27DA4FD20AAB}.Debug|Any CPU.ActiveCfg = Debug|Any CPU
		{48A68B2C-7ABD-49EA-A36C-27DA4FD20AAB}.Debug|Any CPU.Build.0 = Debug|Any CPU
		{48A68B2C-7ABD-49EA-A36C-27DA4FD20AAB}.Release|Any CPU.ActiveCfg = Release|Any CPU
		{48A68B2C-7ABD-49EA-A36C-27DA4FD20AAB}.Release|Any CPU.Build.0 = Release|Any CPU
		{BB49CB68-F831-44D7-B1BE-D303FF5A482E}.Debug|Any CPU.ActiveCfg = Debug|Any CPU
		{BB49CB68-F831-44D7-B1BE-D303FF5A482E}.Debug|Any CPU.Build.0 = Debug|Any CPU
		{BB49CB68-F831-44D7-B1BE-D303FF5A482E}.Release|Any CPU.ActiveCfg = Release|Any CPU
		{BB49CB68-F831-44D7-B1BE-D303FF5A482E}.Release|Any CPU.Build.0 = Release|Any CPU
	EndGlobalSection
	GlobalSection(SolutionProperties) = preSolution
		HideSolutionNode = FALSE
	EndGlobalSection
	GlobalSection(ExtensibilityGlobals) = postSolution
		SolutionGuid = {0B70C7E5-31C2-4EE5-BF43-7724AD5E4B00}
	EndGlobalSection
EndGlobal
