
Microsoft Visual Studio Solution File, Format Version 12.00
# Visual Studio 15
VisualStudioVersion = 15.0.28307.106
MinimumVisualStudioVersion = 10.0.40219.1
Project("{FAE04EC0-301F-11D3-BF4B-00C04F79EFBC}") = "03. Chore Wars", "03. Chore Wars\03. Chore Wars.csproj", "{127336EE-13FE-4AAB-80FE-8582E2290F29}"
EndProject
Project("{FAE04EC0-301F-11D3-BF4B-00C04F79EFBC}") = "04. MeTube Statistics", "04. MeTube Statistics\04. MeTube Statistics.csproj", "{BABAEDFF-AA8F-4890-9D84-B33437768701}"
EndProject
Global
	GlobalSection(SolutionConfigurationPlatforms) = preSolution
		Debug|Any CPU = Debug|Any CPU
		Release|Any CPU = Release|Any CPU
	EndGlobalSection
	GlobalSection(ProjectConfigurationPlatforms) = postSolution
		{127336EE-13FE-4AAB-80FE-8582E2290F29}.Debug|Any CPU.ActiveCfg = Debug|Any CPU
		{127336EE-13FE-4AAB-80FE-8582E2290F29}.Debug|Any CPU.Build.0 = Debug|Any CPU
		{127336EE-13FE-4AAB-80FE-8582E2290F29}.Release|Any CPU.ActiveCfg = Release|Any CPU
		{127336EE-13FE-4AAB-80FE-8582E2290F29}.Release|Any CPU.Build.0 = Release|Any CPU
		{BABAEDFF-AA8F-4890-9D84-B33437768701}.Debug|Any CPU.ActiveCfg = Debug|Any CPU
		{BABAEDFF-AA8F-4890-9D84-B33437768701}.Debug|Any CPU.Build.0 = Debug|Any CPU
		{BABAEDFF-AA8F-4890-9D84-B33437768701}.Release|Any CPU.ActiveCfg = Release|Any CPU
		{BABAEDFF-AA8F-4890-9D84-B33437768701}.Release|Any CPU.Build.0 = Release|Any CPU
	EndGlobalSection
	GlobalSection(SolutionProperties) = preSolution
		HideSolutionNode = FALSE
	EndGlobalSection
	GlobalSection(ExtensibilityGlobals) = postSolution
		SolutionGuid = {E8685828-F821-4D29-9DAF-B86190A07FB6}
	EndGlobalSection
EndGlobal
