
Microsoft Visual Studio Solution File, Format Version 12.00
# Visual Studio 15
VisualStudioVersion = 15.0.28307.106
MinimumVisualStudioVersion = 10.0.40219.1
Project("{FAE04EC0-301F-11D3-BF4B-00C04F79EFBC}") = "01. Christmas Spirit", "01. Christmas Spirit\01. Christmas Spirit.csproj", "{0B186573-80DF-40F9-A7C0-97607D7E57F4}"
EndProject
Project("{FAE04EC0-301F-11D3-BF4B-00C04F79EFBC}") = "02. Santa's List", "02. Santa's List\02. Santa's List.csproj", "{96F5CDE0-E051-4036-A2B0-3D5FF70D0620}"
EndProject
Project("{FAE04EC0-301F-11D3-BF4B-00C04F79EFBC}") = "03. Present Delivery", "03. Present Delivery\03. Present Delivery.csproj", "{3C681AFB-8C30-4C8A-AC79-B38503B7C532}"
EndProject
Global
	GlobalSection(SolutionConfigurationPlatforms) = preSolution
		Debug|Any CPU = Debug|Any CPU
		Release|Any CPU = Release|Any CPU
	EndGlobalSection
	GlobalSection(ProjectConfigurationPlatforms) = postSolution
		{0B186573-80DF-40F9-A7C0-97607D7E57F4}.Debug|Any CPU.ActiveCfg = Debug|Any CPU
		{0B186573-80DF-40F9-A7C0-97607D7E57F4}.Debug|Any CPU.Build.0 = Debug|Any CPU
		{0B186573-80DF-40F9-A7C0-97607D7E57F4}.Release|Any CPU.ActiveCfg = Release|Any CPU
		{0B186573-80DF-40F9-A7C0-97607D7E57F4}.Release|Any CPU.Build.0 = Release|Any CPU
		{96F5CDE0-E051-4036-A2B0-3D5FF70D0620}.Debug|Any CPU.ActiveCfg = Debug|Any CPU
		{96F5CDE0-E051-4036-A2B0-3D5FF70D0620}.Debug|Any CPU.Build.0 = Debug|Any CPU
		{96F5CDE0-E051-4036-A2B0-3D5FF70D0620}.Release|Any CPU.ActiveCfg = Release|Any CPU
		{96F5CDE0-E051-4036-A2B0-3D5FF70D0620}.Release|Any CPU.Build.0 = Release|Any CPU
		{3C681AFB-8C30-4C8A-AC79-B38503B7C532}.Debug|Any CPU.ActiveCfg = Debug|Any CPU
		{3C681AFB-8C30-4C8A-AC79-B38503B7C532}.Debug|Any CPU.Build.0 = Debug|Any CPU
		{3C681AFB-8C30-4C8A-AC79-B38503B7C532}.Release|Any CPU.ActiveCfg = Release|Any CPU
		{3C681AFB-8C30-4C8A-AC79-B38503B7C532}.Release|Any CPU.Build.0 = Release|Any CPU
	EndGlobalSection
	GlobalSection(SolutionProperties) = preSolution
		HideSolutionNode = FALSE
	EndGlobalSection
	GlobalSection(ExtensibilityGlobals) = postSolution
		SolutionGuid = {E8C94ACE-D3E8-40D9-AAA5-48C3724E03D9}
	EndGlobalSection
EndGlobal
