
Microsoft Visual Studio Solution File, Format Version 12.00
# Visual Studio 15
VisualStudioVersion = 15.0.28307.106
MinimumVisualStudioVersion = 10.0.40219.1
Project("{FAE04EC0-301F-11D3-BF4B-00C04F79EFBC}") = "03. Hornet Assault", "03. Hornet Assault\03. Hornet Assault.csproj", "{1906CCF7-1123-413C-858B-A7D7ADBE0062}"
EndProject
Project("{FAE04EC0-301F-11D3-BF4B-00C04F79EFBC}") = "04. Hornet Armada", "04. Hornet Armada\04. Hornet Armada.csproj", "{33270E1A-F8D9-466D-8A70-00B1FE64179E}"
EndProject
Global
	GlobalSection(SolutionConfigurationPlatforms) = preSolution
		Debug|Any CPU = Debug|Any CPU
		Release|Any CPU = Release|Any CPU
	EndGlobalSection
	GlobalSection(ProjectConfigurationPlatforms) = postSolution
		{1906CCF7-1123-413C-858B-A7D7ADBE0062}.Debug|Any CPU.ActiveCfg = Debug|Any CPU
		{1906CCF7-1123-413C-858B-A7D7ADBE0062}.Debug|Any CPU.Build.0 = Debug|Any CPU
		{1906CCF7-1123-413C-858B-A7D7ADBE0062}.Release|Any CPU.ActiveCfg = Release|Any CPU
		{1906CCF7-1123-413C-858B-A7D7ADBE0062}.Release|Any CPU.Build.0 = Release|Any CPU
		{33270E1A-F8D9-466D-8A70-00B1FE64179E}.Debug|Any CPU.ActiveCfg = Debug|Any CPU
		{33270E1A-F8D9-466D-8A70-00B1FE64179E}.Debug|Any CPU.Build.0 = Debug|Any CPU
		{33270E1A-F8D9-466D-8A70-00B1FE64179E}.Release|Any CPU.ActiveCfg = Release|Any CPU
		{33270E1A-F8D9-466D-8A70-00B1FE64179E}.Release|Any CPU.Build.0 = Release|Any CPU
	EndGlobalSection
	GlobalSection(SolutionProperties) = preSolution
		HideSolutionNode = FALSE
	EndGlobalSection
	GlobalSection(ExtensibilityGlobals) = postSolution
		SolutionGuid = {0BE9F7A6-0A6D-4CBB-AB94-01A2B3C6C7DF}
	EndGlobalSection
EndGlobal
